
Microsoft Visual Studio Solution File, Format Version 12.00
# Visual Studio Version 17
VisualStudioVersion = 17.1.32210.238
MinimumVisualStudioVersion = 10.0.40219.1
Project("{FAE04EC0-301F-11D3-BF4B-00C04F79EFBC}") = "UnitTestFrameworkComparison", "UnitTestFrameworkComparison\UnitTestFrameworkComparison.csproj", "{C7E042DB-3155-4964-B697-0625B331A473}"
EndProject
Project("{FAE04EC0-301F-11D3-BF4B-00C04F79EFBC}") = "NUnit.Specs", "NUnit.Specs\NUnit.Specs.csproj", "{DFC1A04C-CDAD-4E97-A917-A102558B245C}"
EndProject
Project("{FAE04EC0-301F-11D3-BF4B-00C04F79EFBC}") = "xUnitNET.Specs", "xUnitNET.Specs\xUnitNET.Specs.csproj", "{35496A07-7735-4961-84C8-79CF93821E74}"
EndProject
Global
	GlobalSection(SolutionConfigurationPlatforms) = preSolution
		Debug|Any CPU = Debug|Any CPU
		Release|Any CPU = Release|Any CPU
	EndGlobalSection
	GlobalSection(ProjectConfigurationPlatforms) = postSolution
		{C7E042DB-3155-4964-B697-0625B331A473}.Debug|Any CPU.ActiveCfg = Debug|Any CPU
		{C7E042DB-3155-4964-B697-0625B331A473}.Debug|Any CPU.Build.0 = Debug|Any CPU
		{C7E042DB-3155-4964-B697-0625B331A473}.Release|Any CPU.ActiveCfg = Release|Any CPU
		{C7E042DB-3155-4964-B697-0625B331A473}.Release|Any CPU.Build.0 = Release|Any CPU
		{DFC1A04C-CDAD-4E97-A917-A102558B245C}.Debug|Any CPU.ActiveCfg = Debug|Any CPU
		{DFC1A04C-CDAD-4E97-A917-A102558B245C}.Debug|Any CPU.Build.0 = Debug|Any CPU
		{DFC1A04C-CDAD-4E97-A917-A102558B245C}.Release|Any CPU.ActiveCfg = Release|Any CPU
		{DFC1A04C-CDAD-4E97-A917-A102558B245C}.Release|Any CPU.Build.0 = Release|Any CPU
		{35496A07-7735-4961-84C8-79CF93821E74}.Debug|Any CPU.ActiveCfg = Debug|Any CPU
		{35496A07-7735-4961-84C8-79CF93821E74}.Debug|Any CPU.Build.0 = Debug|Any CPU
		{35496A07-7735-4961-84C8-79CF93821E74}.Release|Any CPU.ActiveCfg = Release|Any CPU
		{35496A07-7735-4961-84C8-79CF93821E74}.Release|Any CPU.Build.0 = Release|Any CPU
	EndGlobalSection
	GlobalSection(SolutionProperties) = preSolution
		HideSolutionNode = FALSE
	EndGlobalSection
	GlobalSection(ExtensibilityGlobals) = postSolution
		SolutionGuid = {66712006-2A31-468F-A595-95C1BE0E9622}
	EndGlobalSection
EndGlobal
